
Microsoft Visual Studio Solution File, Format Version 12.00
# Visual Studio 15
Project("{FAE04EC0-301F-11D3-BF4B-00C04F79EFBC}") = "Assembly-CSharp", "Assembly-CSharp.csproj", "{18E69904-7BB7-70FB-CA97-0185C0817080}"
EndProject
Project("{FAE04EC0-301F-11D3-BF4B-00C04F79EFBC}") = "WebGLThreadingPatcher.Runtime", "WebGLThreadingPatcher.Runtime.csproj", "{90DE441C-B03D-6427-F608-2E6F20929AE6}"
EndProject
Project("{FAE04EC0-301F-11D3-BF4B-00C04F79EFBC}") = "WebGLThreadingPatcher.Editor", "WebGLThreadingPatcher.Editor.csproj", "{B4A3E479-B9AB-8866-BD73-4B9893BC7BFA}"
EndProject
Project("{FAE04EC0-301F-11D3-BF4B-00C04F79EFBC}") = "Assembly-CSharp-Editor", "Assembly-CSharp-Editor.csproj", "{5292CAD9-0947-91BE-52BC-5B1E13AE5781}"
EndProject
Global
	GlobalSection(SolutionConfigurationPlatforms) = preSolution
		Debug|Any CPU = Debug|Any CPU
		Release|Any CPU = Release|Any CPU
	EndGlobalSection
	GlobalSection(ProjectConfigurationPlatforms) = postSolution
		{18E69904-7BB7-70FB-CA97-0185C0817080}.Debug|Any CPU.ActiveCfg = Debug|Any CPU
		{18E69904-7BB7-70FB-CA97-0185C0817080}.Debug|Any CPU.Build.0 = Debug|Any CPU
		{18E69904-7BB7-70FB-CA97-0185C0817080}.Release|Any CPU.ActiveCfg = Release|Any CPU
		{18E69904-7BB7-70FB-CA97-0185C0817080}.Release|Any CPU.Build.0 = Release|Any CPU
		{90DE441C-B03D-6427-F608-2E6F20929AE6}.Debug|Any CPU.ActiveCfg = Debug|Any CPU
		{90DE441C-B03D-6427-F608-2E6F20929AE6}.Debug|Any CPU.Build.0 = Debug|Any CPU
		{90DE441C-B03D-6427-F608-2E6F20929AE6}.Release|Any CPU.ActiveCfg = Release|Any CPU
		{90DE441C-B03D-6427-F608-2E6F20929AE6}.Release|Any CPU.Build.0 = Release|Any CPU
		{B4A3E479-B9AB-8866-BD73-4B9893BC7BFA}.Debug|Any CPU.ActiveCfg = Debug|Any CPU
		{B4A3E479-B9AB-8866-BD73-4B9893BC7BFA}.Debug|Any CPU.Build.0 = Debug|Any CPU
		{B4A3E479-B9AB-8866-BD73-4B9893BC7BFA}.Release|Any CPU.ActiveCfg = Release|Any CPU
		{B4A3E479-B9AB-8866-BD73-4B9893BC7BFA}.Release|Any CPU.Build.0 = Release|Any CPU
		{5292CAD9-0947-91BE-52BC-5B1E13AE5781}.Debug|Any CPU.ActiveCfg = Debug|Any CPU
		{5292CAD9-0947-91BE-52BC-5B1E13AE5781}.Debug|Any CPU.Build.0 = Debug|Any CPU
		{5292CAD9-0947-91BE-52BC-5B1E13AE5781}.Release|Any CPU.ActiveCfg = Release|Any CPU
		{5292CAD9-0947-91BE-52BC-5B1E13AE5781}.Release|Any CPU.Build.0 = Release|Any CPU
	EndGlobalSection
	GlobalSection(SolutionProperties) = preSolution
		HideSolutionNode = FALSE
	EndGlobalSection
EndGlobal
